
Microsoft Visual Studio Solution File, Format Version 12.00
# Visual Studio Version 16
VisualStudioVersion = 16.0.30717.126
MinimumVisualStudioVersion = 10.0.40219.1
Project("{FAE04EC0-301F-11D3-BF4B-00C04F79EFBC}") = "UI", "WebApplication1\UI.csproj", "{B4F3C5E4-4B7D-4E23-8ADC-51CF5376796B}"
EndProject
Project("{FAE04EC0-301F-11D3-BF4B-00C04F79EFBC}") = "DAL", "DAL\DAL.csproj", "{5DB1511A-A4F1-4E16-967E-85D848451AF8}"
EndProject
Project("{FAE04EC0-301F-11D3-BF4B-00C04F79EFBC}") = "BLL", "BLL\BLL.csproj", "{DFE891CE-4091-42D8-B539-5ECFADE8D1B3}"
EndProject
Project("{FAE04EC0-301F-11D3-BF4B-00C04F79EFBC}") = "Models", "Models\Models.csproj", "{8342A375-6074-42E4-B282-3CA560E7086C}"
EndProject
Global
	GlobalSection(SolutionConfigurationPlatforms) = preSolution
		Debug|Any CPU = Debug|Any CPU
		Release|Any CPU = Release|Any CPU
	EndGlobalSection
	GlobalSection(ProjectConfigurationPlatforms) = postSolution
		{B4F3C5E4-4B7D-4E23-8ADC-51CF5376796B}.Debug|Any CPU.ActiveCfg = Debug|Any CPU
		{B4F3C5E4-4B7D-4E23-8ADC-51CF5376796B}.Debug|Any CPU.Build.0 = Debug|Any CPU
		{B4F3C5E4-4B7D-4E23-8ADC-51CF5376796B}.Release|Any CPU.ActiveCfg = Release|Any CPU
		{B4F3C5E4-4B7D-4E23-8ADC-51CF5376796B}.Release|Any CPU.Build.0 = Release|Any CPU
		{5DB1511A-A4F1-4E16-967E-85D848451AF8}.Debug|Any CPU.ActiveCfg = Debug|Any CPU
		{5DB1511A-A4F1-4E16-967E-85D848451AF8}.Debug|Any CPU.Build.0 = Debug|Any CPU
		{5DB1511A-A4F1-4E16-967E-85D848451AF8}.Release|Any CPU.ActiveCfg = Release|Any CPU
		{5DB1511A-A4F1-4E16-967E-85D848451AF8}.Release|Any CPU.Build.0 = Release|Any CPU
		{DFE891CE-4091-42D8-B539-5ECFADE8D1B3}.Debug|Any CPU.ActiveCfg = Debug|Any CPU
		{DFE891CE-4091-42D8-B539-5ECFADE8D1B3}.Debug|Any CPU.Build.0 = Debug|Any CPU
		{DFE891CE-4091-42D8-B539-5ECFADE8D1B3}.Release|Any CPU.ActiveCfg = Release|Any CPU
		{DFE891CE-4091-42D8-B539-5ECFADE8D1B3}.Release|Any CPU.Build.0 = Release|Any CPU
		{8342A375-6074-42E4-B282-3CA560E7086C}.Debug|Any CPU.ActiveCfg = Debug|Any CPU
		{8342A375-6074-42E4-B282-3CA560E7086C}.Debug|Any CPU.Build.0 = Debug|Any CPU
		{8342A375-6074-42E4-B282-3CA560E7086C}.Release|Any CPU.ActiveCfg = Release|Any CPU
		{8342A375-6074-42E4-B282-3CA560E7086C}.Release|Any CPU.Build.0 = Release|Any CPU
	EndGlobalSection
	GlobalSection(SolutionProperties) = preSolution
		HideSolutionNode = FALSE
	EndGlobalSection
	GlobalSection(ExtensibilityGlobals) = postSolution
		SolutionGuid = {8227545E-45C1-4D29-9CC7-0328BC7EA481}
	EndGlobalSection
EndGlobal
