
Microsoft Visual Studio Solution File, Format Version 12.00
# Visual Studio Version 16
VisualStudioVersion = 16.0.30717.126
MinimumVisualStudioVersion = 10.0.40219.1
Project("{FAE04EC0-301F-11D3-BF4B-00C04F79EFBC}") = "ConsoleApp1", "ConsoleApp1\ConsoleApp1.csproj", "{EF5D9230-5A01-44B2-991B-A43F36CBD7DF}"
EndProject
Project("{FAE04EC0-301F-11D3-BF4B-00C04F79EFBC}") = "乘法", "乘法\乘法.csproj", "{7F72A35B-E07F-4D12-BD66-24D03FFD04DD}"
EndProject
Project("{FAE04EC0-301F-11D3-BF4B-00C04F79EFBC}") = "判断水仙花数", "判断水仙花数\判断水仙花数.csproj", "{9ED762B2-B1AE-452C-B494-CC70DD8614CF}"
EndProject
Project("{FAE04EC0-301F-11D3-BF4B-00C04F79EFBC}") = "拼接数组", "拼接数组\拼接数组.csproj", "{B4936915-31D6-4EE9-963D-7FA72C51450B}"
EndProject
Project("{FAE04EC0-301F-11D3-BF4B-00C04F79EFBC}") = "取奇数", "取奇数\取奇数.csproj", "{77BA1DE1-0781-4D31-92F8-B05E3BAC521C}"
EndProject
Project("{FAE04EC0-301F-11D3-BF4B-00C04F79EFBC}") = "面向对象", "面向对象\面向对象.csproj", "{16E4D62D-8160-4AE1-A484-3AAEDE5BF717}"
EndProject
Project("{FAE04EC0-301F-11D3-BF4B-00C04F79EFBC}") = "二维数组的使用", "二维数组的使用\二维数组的使用.csproj", "{BF4AD82A-9AF9-4C83-9DEB-A0A39D1C01D9}"
EndProject
Project("{FAE04EC0-301F-11D3-BF4B-00C04F79EFBC}") = "递归阶乘", "递归阶乘\递归阶乘.csproj", "{817785ED-3080-48B9-8FA3-5741E7F609EE}"
EndProject
Project("{FAE04EC0-301F-11D3-BF4B-00C04F79EFBC}") = "求前20个和", "求前20个和\求前20个和.csproj", "{0CC99F98-B11D-4D21-A5D6-3EBB2263EFDE}"
EndProject
Project("{FAE04EC0-301F-11D3-BF4B-00C04F79EFBC}") = "阶乘", "阶乘\阶乘.csproj", "{731A8330-64D2-462C-AF35-BB616CF2317B}"
EndProject
Project("{FAE04EC0-301F-11D3-BF4B-00C04F79EFBC}") = "累加求和递归", "累加求和递归\累加求和递归.csproj", "{8321FAD4-FCB0-4181-A519-ED1845023314}"
EndProject
Project("{FAE04EC0-301F-11D3-BF4B-00C04F79EFBC}") = "计算算式 1+21+22+23+…+2n 的值。", "计算算式 1+21+22+23+…+2n 的值。\计算算式 1+21+22+23+…+2n 的值。.csproj", "{761DD3FB-B149-4CE3-AA4A-6EF34726CA7D}"
EndProject
Project("{FAE04EC0-301F-11D3-BF4B-00C04F79EFBC}") = "类", "类\类.csproj", "{028C8C18-628D-4792-BA1F-B76506804BA6}"
EndProject
Project("{FAE04EC0-301F-11D3-BF4B-00C04F79EFBC}") = "计算数组的最大值最小值和平均值", "计算数组的最大值最小值和平均值\计算数组的最大值最小值和平均值.csproj", "{2B2D25C2-76BB-450F-BD5F-7E35F2AACD33}"
EndProject
Project("{FAE04EC0-301F-11D3-BF4B-00C04F79EFBC}") = "计算平方根", "计算平方根\计算平方根.csproj", "{D817E9BD-8454-46F7-923D-7B17955EE0D4}"
EndProject
Project("{FAE04EC0-301F-11D3-BF4B-00C04F79EFBC}") = "判断回文数", "判断回文数\判断回文数.csproj", "{73E16ED2-DA6D-4542-A760-EA53C020B69F}"
EndProject
Project("{FAE04EC0-301F-11D3-BF4B-00C04F79EFBC}") = "计算珠穆朗玛峰高度", "计算珠穆朗玛峰高度\计算珠穆朗玛峰高度.csproj", "{4746A009-947B-4128-A97C-4E96DC80BD47}"
EndProject
Project("{FAE04EC0-301F-11D3-BF4B-00C04F79EFBC}") = "输出一个等腰三角形", "输出一个等腰三角形\输出一个等腰三角形.csproj", "{74FB7161-598C-4129-83E4-181BEF23CB2E}"
EndProject
Project("{FAE04EC0-301F-11D3-BF4B-00C04F79EFBC}") = "输出同构数", "输出同构数\输出同构数.csproj", "{4B1C6ACC-68FA-4FD1-8D77-B9698ABD89DE}"
EndProject
Project("{FAE04EC0-301F-11D3-BF4B-00C04F79EFBC}") = "判断是否为素数", "判断是否为素数\判断是否为素数.csproj", "{2ABD208A-FB63-49BD-B0A9-E34F93EF6AE4}"
EndProject
Project("{FAE04EC0-301F-11D3-BF4B-00C04F79EFBC}") = "倒序输出数字", "倒序输出数字\倒序输出数字.csproj", "{5EFC7BB2-7BA4-4662-955A-DCAD30025871}"
EndProject
Project("{FAE04EC0-301F-11D3-BF4B-00C04F79EFBC}") = "收税问题", "收税问题\收税问题.csproj", "{979DD93E-A44A-4111-A3B5-B087EF7A4355}"
EndProject
Project("{FAE04EC0-301F-11D3-BF4B-00C04F79EFBC}") = "输入整数 a，输出结果 s，其中 s 与 a 的关系是：", "输入整数 a，输出结果 s，其中 s 与 a 的关系是：\输入整数 a，输出结果 s，其中 s 与 a 的关系是：.csproj", "{B1FB80D7-7DE6-4F04-8258-E429924B85C3}"
EndProject
Project("{FAE04EC0-301F-11D3-BF4B-00C04F79EFBC}") = "循环输入数组", "循环输入数组\循环输入数组.csproj", "{AE0DB9CB-8C21-4408-AB50-508B9504C1C6}"
EndProject
Project("{FAE04EC0-301F-11D3-BF4B-00C04F79EFBC}") = "卖西瓜", "卖西瓜\卖西瓜.csproj", "{071643B3-7231-434D-B43E-735E07BFC88A}"
EndProject
Project("{FAE04EC0-301F-11D3-BF4B-00C04F79EFBC}") = "输身份证验证性别", "输身份证验证性别\输身份证验证性别.csproj", "{07B6560B-475D-48C7-B10E-D2B2A0A4C763}"
EndProject
Project("{FAE04EC0-301F-11D3-BF4B-00C04F79EFBC}") = "汽车摩托车问题", "汽车摩托车问题\汽车摩托车问题.csproj", "{1EB71CD7-7D3F-481C-B1DF-6A67AF1E9599}"
EndProject
Project("{FAE04EC0-301F-11D3-BF4B-00C04F79EFBC}") = "数字转中文输出", "数字转中文输出\数字转中文输出.csproj", "{ACC45B9A-23E0-4BA1-B53A-7C4360C84E23}"
EndProject
Project("{FAE04EC0-301F-11D3-BF4B-00C04F79EFBC}") = "用输出一个矩形", "用输出一个矩形\用输出一个矩形.csproj", "{1C318087-FC11-41CC-88BF-F5E2CE25143C}"
EndProject
Project("{FAE04EC0-301F-11D3-BF4B-00C04F79EFBC}") = "取第k大的数", "取第k大的数\取第k大的数.csproj", "{D78D3728-788A-4C15-A29D-A40949380B51}"
EndProject
Project("{FAE04EC0-301F-11D3-BF4B-00C04F79EFBC}") = "分割单词存入数组", "分割单词存入数组\分割单词存入数组.csproj", "{05DB93AB-671F-4837-9FD6-49B731899F20}"
EndProject
Project("{FAE04EC0-301F-11D3-BF4B-00C04F79EFBC}") = "连尾号", "连尾号\连尾号.csproj", "{7F94388D-2DE3-4C91-85E5-852D46BB70EA}"
EndProject
Project("{FAE04EC0-301F-11D3-BF4B-00C04F79EFBC}") = "判断字符串是否对称", "判断字符串是否对称\判断字符串是否对称.csproj", "{E01047E5-7C7A-46E6-9FA6-A0D416FC3A57}"
EndProject
Project("{FAE04EC0-301F-11D3-BF4B-00C04F79EFBC}") = "喝啤酒", "喝啤酒\喝啤酒.csproj", "{5E9C3123-A2EB-431D-965B-E4AFB498045B}"
EndProject
Project("{FAE04EC0-301F-11D3-BF4B-00C04F79EFBC}") = "计算图书的总价格", "计算图书的总价格\计算图书的总价格.csproj", "{102E844F-02FB-493F-96D7-15F85E4E6182}"
EndProject
Project("{FAE04EC0-301F-11D3-BF4B-00C04F79EFBC}") = "全网叫协议", "全网叫协议\全网叫协议.csproj", "{E66DC8CE-4CD7-412B-8C38-373A348B9CC3}"
EndProject
Project("{FAE04EC0-301F-11D3-BF4B-00C04F79EFBC}") = "校园歌手", "校园歌手\校园歌手.csproj", "{A2FED94A-9E55-4F76-9EA2-927418511BA5}"
EndProject
Project("{FAE04EC0-301F-11D3-BF4B-00C04F79EFBC}") = "电视机", "电视机\电视机.csproj", "{F8DF2BCC-09FF-47C4-A27A-82849A2E2DC8}"
EndProject
Project("{FAE04EC0-301F-11D3-BF4B-00C04F79EFBC}") = "输入一批学生成绩以-1结束！", "输入一批学生成绩以-1结束！\输入一批学生成绩以-1结束！.csproj", "{83F7A000-3518-4714-88D5-ABB7242D3851}"
EndProject
Project("{FAE04EC0-301F-11D3-BF4B-00C04F79EFBC}") = "输入小写123转大写一二三", "输入小写123转大写一二三\输入小写123转大写一二三.csproj", "{BB0AB08D-FCB3-48B5-9CC3-9301FC81715A}"
EndProject
Global
	GlobalSection(SolutionConfigurationPlatforms) = preSolution
		Debug|Any CPU = Debug|Any CPU
		Release|Any CPU = Release|Any CPU
	EndGlobalSection
	GlobalSection(ProjectConfigurationPlatforms) = postSolution
		{EF5D9230-5A01-44B2-991B-A43F36CBD7DF}.Debug|Any CPU.ActiveCfg = Debug|Any CPU
		{EF5D9230-5A01-44B2-991B-A43F36CBD7DF}.Debug|Any CPU.Build.0 = Debug|Any CPU
		{EF5D9230-5A01-44B2-991B-A43F36CBD7DF}.Release|Any CPU.ActiveCfg = Release|Any CPU
		{EF5D9230-5A01-44B2-991B-A43F36CBD7DF}.Release|Any CPU.Build.0 = Release|Any CPU
		{7F72A35B-E07F-4D12-BD66-24D03FFD04DD}.Debug|Any CPU.ActiveCfg = Debug|Any CPU
		{7F72A35B-E07F-4D12-BD66-24D03FFD04DD}.Debug|Any CPU.Build.0 = Debug|Any CPU
		{7F72A35B-E07F-4D12-BD66-24D03FFD04DD}.Release|Any CPU.ActiveCfg = Release|Any CPU
		{7F72A35B-E07F-4D12-BD66-24D03FFD04DD}.Release|Any CPU.Build.0 = Release|Any CPU
		{9ED762B2-B1AE-452C-B494-CC70DD8614CF}.Debug|Any CPU.ActiveCfg = Debug|Any CPU
		{9ED762B2-B1AE-452C-B494-CC70DD8614CF}.Debug|Any CPU.Build.0 = Debug|Any CPU
		{9ED762B2-B1AE-452C-B494-CC70DD8614CF}.Release|Any CPU.ActiveCfg = Release|Any CPU
		{9ED762B2-B1AE-452C-B494-CC70DD8614CF}.Release|Any CPU.Build.0 = Release|Any CPU
		{B4936915-31D6-4EE9-963D-7FA72C51450B}.Debug|Any CPU.ActiveCfg = Debug|Any CPU
		{B4936915-31D6-4EE9-963D-7FA72C51450B}.Debug|Any CPU.Build.0 = Debug|Any CPU
		{B4936915-31D6-4EE9-963D-7FA72C51450B}.Release|Any CPU.ActiveCfg = Release|Any CPU
		{B4936915-31D6-4EE9-963D-7FA72C51450B}.Release|Any CPU.Build.0 = Release|Any CPU
		{77BA1DE1-0781-4D31-92F8-B05E3BAC521C}.Debug|Any CPU.ActiveCfg = Debug|Any CPU
		{77BA1DE1-0781-4D31-92F8-B05E3BAC521C}.Debug|Any CPU.Build.0 = Debug|Any CPU
		{77BA1DE1-0781-4D31-92F8-B05E3BAC521C}.Release|Any CPU.ActiveCfg = Release|Any CPU
		{77BA1DE1-0781-4D31-92F8-B05E3BAC521C}.Release|Any CPU.Build.0 = Release|Any CPU
		{16E4D62D-8160-4AE1-A484-3AAEDE5BF717}.Debug|Any CPU.ActiveCfg = Debug|Any CPU
		{16E4D62D-8160-4AE1-A484-3AAEDE5BF717}.Debug|Any CPU.Build.0 = Debug|Any CPU
		{16E4D62D-8160-4AE1-A484-3AAEDE5BF717}.Release|Any CPU.ActiveCfg = Release|Any CPU
		{16E4D62D-8160-4AE1-A484-3AAEDE5BF717}.Release|Any CPU.Build.0 = Release|Any CPU
		{BF4AD82A-9AF9-4C83-9DEB-A0A39D1C01D9}.Debug|Any CPU.ActiveCfg = Debug|Any CPU
		{BF4AD82A-9AF9-4C83-9DEB-A0A39D1C01D9}.Debug|Any CPU.Build.0 = Debug|Any CPU
		{BF4AD82A-9AF9-4C83-9DEB-A0A39D1C01D9}.Release|Any CPU.ActiveCfg = Release|Any CPU
		{BF4AD82A-9AF9-4C83-9DEB-A0A39D1C01D9}.Release|Any CPU.Build.0 = Release|Any CPU
		{817785ED-3080-48B9-8FA3-5741E7F609EE}.Debug|Any CPU.ActiveCfg = Debug|Any CPU
		{817785ED-3080-48B9-8FA3-5741E7F609EE}.Debug|Any CPU.Build.0 = Debug|Any CPU
		{817785ED-3080-48B9-8FA3-5741E7F609EE}.Release|Any CPU.ActiveCfg = Release|Any CPU
		{817785ED-3080-48B9-8FA3-5741E7F609EE}.Release|Any CPU.Build.0 = Release|Any CPU
		{0CC99F98-B11D-4D21-A5D6-3EBB2263EFDE}.Debug|Any CPU.ActiveCfg = Debug|Any CPU
		{0CC99F98-B11D-4D21-A5D6-3EBB2263EFDE}.Debug|Any CPU.Build.0 = Debug|Any CPU
		{0CC99F98-B11D-4D21-A5D6-3EBB2263EFDE}.Release|Any CPU.ActiveCfg = Release|Any CPU
		{0CC99F98-B11D-4D21-A5D6-3EBB2263EFDE}.Release|Any CPU.Build.0 = Release|Any CPU
		{731A8330-64D2-462C-AF35-BB616CF2317B}.Debug|Any CPU.ActiveCfg = Debug|Any CPU
		{731A8330-64D2-462C-AF35-BB616CF2317B}.Debug|Any CPU.Build.0 = Debug|Any CPU
		{731A8330-64D2-462C-AF35-BB616CF2317B}.Release|Any CPU.ActiveCfg = Release|Any CPU
		{731A8330-64D2-462C-AF35-BB616CF2317B}.Release|Any CPU.Build.0 = Release|Any CPU
		{8321FAD4-FCB0-4181-A519-ED1845023314}.Debug|Any CPU.ActiveCfg = Debug|Any CPU
		{8321FAD4-FCB0-4181-A519-ED1845023314}.Debug|Any CPU.Build.0 = Debug|Any CPU
		{8321FAD4-FCB0-4181-A519-ED1845023314}.Release|Any CPU.ActiveCfg = Release|Any CPU
		{8321FAD4-FCB0-4181-A519-ED1845023314}.Release|Any CPU.Build.0 = Release|Any CPU
		{761DD3FB-B149-4CE3-AA4A-6EF34726CA7D}.Debug|Any CPU.ActiveCfg = Debug|Any CPU
		{761DD3FB-B149-4CE3-AA4A-6EF34726CA7D}.Debug|Any CPU.Build.0 = Debug|Any CPU
		{761DD3FB-B149-4CE3-AA4A-6EF34726CA7D}.Release|Any CPU.ActiveCfg = Release|Any CPU
		{761DD3FB-B149-4CE3-AA4A-6EF34726CA7D}.Release|Any CPU.Build.0 = Release|Any CPU
		{028C8C18-628D-4792-BA1F-B76506804BA6}.Debug|Any CPU.ActiveCfg = Debug|Any CPU
		{028C8C18-628D-4792-BA1F-B76506804BA6}.Debug|Any CPU.Build.0 = Debug|Any CPU
		{028C8C18-628D-4792-BA1F-B76506804BA6}.Release|Any CPU.ActiveCfg = Release|Any CPU
		{028C8C18-628D-4792-BA1F-B76506804BA6}.Release|Any CPU.Build.0 = Release|Any CPU
		{2B2D25C2-76BB-450F-BD5F-7E35F2AACD33}.Debug|Any CPU.ActiveCfg = Debug|Any CPU
		{2B2D25C2-76BB-450F-BD5F-7E35F2AACD33}.Debug|Any CPU.Build.0 = Debug|Any CPU
		{2B2D25C2-76BB-450F-BD5F-7E35F2AACD33}.Release|Any CPU.ActiveCfg = Release|Any CPU
		{2B2D25C2-76BB-450F-BD5F-7E35F2AACD33}.Release|Any CPU.Build.0 = Release|Any CPU
		{D817E9BD-8454-46F7-923D-7B17955EE0D4}.Debug|Any CPU.ActiveCfg = Debug|Any CPU
		{D817E9BD-8454-46F7-923D-7B17955EE0D4}.Debug|Any CPU.Build.0 = Debug|Any CPU
		{D817E9BD-8454-46F7-923D-7B17955EE0D4}.Release|Any CPU.ActiveCfg = Release|Any CPU
		{D817E9BD-8454-46F7-923D-7B17955EE0D4}.Release|Any CPU.Build.0 = Release|Any CPU
		{73E16ED2-DA6D-4542-A760-EA53C020B69F}.Debug|Any CPU.ActiveCfg = Debug|Any CPU
		{73E16ED2-DA6D-4542-A760-EA53C020B69F}.Debug|Any CPU.Build.0 = Debug|Any CPU
		{73E16ED2-DA6D-4542-A760-EA53C020B69F}.Release|Any CPU.ActiveCfg = Release|Any CPU
		{73E16ED2-DA6D-4542-A760-EA53C020B69F}.Release|Any CPU.Build.0 = Release|Any CPU
		{4746A009-947B-4128-A97C-4E96DC80BD47}.Debug|Any CPU.ActiveCfg = Debug|Any CPU
		{4746A009-947B-4128-A97C-4E96DC80BD47}.Debug|Any CPU.Build.0 = Debug|Any CPU
		{4746A009-947B-4128-A97C-4E96DC80BD47}.Release|Any CPU.ActiveCfg = Release|Any CPU
		{4746A009-947B-4128-A97C-4E96DC80BD47}.Release|Any CPU.Build.0 = Release|Any CPU
		{74FB7161-598C-4129-83E4-181BEF23CB2E}.Debug|Any CPU.ActiveCfg = Debug|Any CPU
		{74FB7161-598C-4129-83E4-181BEF23CB2E}.Debug|Any CPU.Build.0 = Debug|Any CPU
		{74FB7161-598C-4129-83E4-181BEF23CB2E}.Release|Any CPU.ActiveCfg = Release|Any CPU
		{74FB7161-598C-4129-83E4-181BEF23CB2E}.Release|Any CPU.Build.0 = Release|Any CPU
		{4B1C6ACC-68FA-4FD1-8D77-B9698ABD89DE}.Debug|Any CPU.ActiveCfg = Debug|Any CPU
		{4B1C6ACC-68FA-4FD1-8D77-B9698ABD89DE}.Debug|Any CPU.Build.0 = Debug|Any CPU
		{4B1C6ACC-68FA-4FD1-8D77-B9698ABD89DE}.Release|Any CPU.ActiveCfg = Release|Any CPU
		{4B1C6ACC-68FA-4FD1-8D77-B9698ABD89DE}.Release|Any CPU.Build.0 = Release|Any CPU
		{2ABD208A-FB63-49BD-B0A9-E34F93EF6AE4}.Debug|Any CPU.ActiveCfg = Debug|Any CPU
		{2ABD208A-FB63-49BD-B0A9-E34F93EF6AE4}.Debug|Any CPU.Build.0 = Debug|Any CPU
		{2ABD208A-FB63-49BD-B0A9-E34F93EF6AE4}.Release|Any CPU.ActiveCfg = Release|Any CPU
		{2ABD208A-FB63-49BD-B0A9-E34F93EF6AE4}.Release|Any CPU.Build.0 = Release|Any CPU
		{5EFC7BB2-7BA4-4662-955A-DCAD30025871}.Debug|Any CPU.ActiveCfg = Debug|Any CPU
		{5EFC7BB2-7BA4-4662-955A-DCAD30025871}.Debug|Any CPU.Build.0 = Debug|Any CPU
		{5EFC7BB2-7BA4-4662-955A-DCAD30025871}.Release|Any CPU.ActiveCfg = Release|Any CPU
		{5EFC7BB2-7BA4-4662-955A-DCAD30025871}.Release|Any CPU.Build.0 = Release|Any CPU
		{979DD93E-A44A-4111-A3B5-B087EF7A4355}.Debug|Any CPU.ActiveCfg = Debug|Any CPU
		{979DD93E-A44A-4111-A3B5-B087EF7A4355}.Debug|Any CPU.Build.0 = Debug|Any CPU
		{979DD93E-A44A-4111-A3B5-B087EF7A4355}.Release|Any CPU.ActiveCfg = Release|Any CPU
		{979DD93E-A44A-4111-A3B5-B087EF7A4355}.Release|Any CPU.Build.0 = Release|Any CPU
		{B1FB80D7-7DE6-4F04-8258-E429924B85C3}.Debug|Any CPU.ActiveCfg = Debug|Any CPU
		{B1FB80D7-7DE6-4F04-8258-E429924B85C3}.Debug|Any CPU.Build.0 = Debug|Any CPU
		{B1FB80D7-7DE6-4F04-8258-E429924B85C3}.Release|Any CPU.ActiveCfg = Release|Any CPU
		{B1FB80D7-7DE6-4F04-8258-E429924B85C3}.Release|Any CPU.Build.0 = Release|Any CPU
		{AE0DB9CB-8C21-4408-AB50-508B9504C1C6}.Debug|Any CPU.ActiveCfg = Debug|Any CPU
		{AE0DB9CB-8C21-4408-AB50-508B9504C1C6}.Debug|Any CPU.Build.0 = Debug|Any CPU
		{AE0DB9CB-8C21-4408-AB50-508B9504C1C6}.Release|Any CPU.ActiveCfg = Release|Any CPU
		{AE0DB9CB-8C21-4408-AB50-508B9504C1C6}.Release|Any CPU.Build.0 = Release|Any CPU
		{071643B3-7231-434D-B43E-735E07BFC88A}.Debug|Any CPU.ActiveCfg = Debug|Any CPU
		{071643B3-7231-434D-B43E-735E07BFC88A}.Debug|Any CPU.Build.0 = Debug|Any CPU
		{071643B3-7231-434D-B43E-735E07BFC88A}.Release|Any CPU.ActiveCfg = Release|Any CPU
		{071643B3-7231-434D-B43E-735E07BFC88A}.Release|Any CPU.Build.0 = Release|Any CPU
		{07B6560B-475D-48C7-B10E-D2B2A0A4C763}.Debug|Any CPU.ActiveCfg = Debug|Any CPU
		{07B6560B-475D-48C7-B10E-D2B2A0A4C763}.Debug|Any CPU.Build.0 = Debug|Any CPU
		{07B6560B-475D-48C7-B10E-D2B2A0A4C763}.Release|Any CPU.ActiveCfg = Release|Any CPU
		{07B6560B-475D-48C7-B10E-D2B2A0A4C763}.Release|Any CPU.Build.0 = Release|Any CPU
		{1EB71CD7-7D3F-481C-B1DF-6A67AF1E9599}.Debug|Any CPU.ActiveCfg = Debug|Any CPU
		{1EB71CD7-7D3F-481C-B1DF-6A67AF1E9599}.Debug|Any CPU.Build.0 = Debug|Any CPU
		{1EB71CD7-7D3F-481C-B1DF-6A67AF1E9599}.Release|Any CPU.ActiveCfg = Release|Any CPU
		{1EB71CD7-7D3F-481C-B1DF-6A67AF1E9599}.Release|Any CPU.Build.0 = Release|Any CPU
		{ACC45B9A-23E0-4BA1-B53A-7C4360C84E23}.Debug|Any CPU.ActiveCfg = Debug|Any CPU
		{ACC45B9A-23E0-4BA1-B53A-7C4360C84E23}.Debug|Any CPU.Build.0 = Debug|Any CPU
		{ACC45B9A-23E0-4BA1-B53A-7C4360C84E23}.Release|Any CPU.ActiveCfg = Release|Any CPU
		{ACC45B9A-23E0-4BA1-B53A-7C4360C84E23}.Release|Any CPU.Build.0 = Release|Any CPU
		{1C318087-FC11-41CC-88BF-F5E2CE25143C}.Debug|Any CPU.ActiveCfg = Debug|Any CPU
		{1C318087-FC11-41CC-88BF-F5E2CE25143C}.Debug|Any CPU.Build.0 = Debug|Any CPU
		{1C318087-FC11-41CC-88BF-F5E2CE25143C}.Release|Any CPU.ActiveCfg = Release|Any CPU
		{1C318087-FC11-41CC-88BF-F5E2CE25143C}.Release|Any CPU.Build.0 = Release|Any CPU
		{D78D3728-788A-4C15-A29D-A40949380B51}.Debug|Any CPU.ActiveCfg = Debug|Any CPU
		{D78D3728-788A-4C15-A29D-A40949380B51}.Debug|Any CPU.Build.0 = Debug|Any CPU
		{D78D3728-788A-4C15-A29D-A40949380B51}.Release|Any CPU.ActiveCfg = Release|Any CPU
		{D78D3728-788A-4C15-A29D-A40949380B51}.Release|Any CPU.Build.0 = Release|Any CPU
		{05DB93AB-671F-4837-9FD6-49B731899F20}.Debug|Any CPU.ActiveCfg = Debug|Any CPU
		{05DB93AB-671F-4837-9FD6-49B731899F20}.Debug|Any CPU.Build.0 = Debug|Any CPU
		{05DB93AB-671F-4837-9FD6-49B731899F20}.Release|Any CPU.ActiveCfg = Release|Any CPU
		{05DB93AB-671F-4837-9FD6-49B731899F20}.Release|Any CPU.Build.0 = Release|Any CPU
		{7F94388D-2DE3-4C91-85E5-852D46BB70EA}.Debug|Any CPU.ActiveCfg = Debug|Any CPU
		{7F94388D-2DE3-4C91-85E5-852D46BB70EA}.Debug|Any CPU.Build.0 = Debug|Any CPU
		{7F94388D-2DE3-4C91-85E5-852D46BB70EA}.Release|Any CPU.ActiveCfg = Release|Any CPU
		{7F94388D-2DE3-4C91-85E5-852D46BB70EA}.Release|Any CPU.Build.0 = Release|Any CPU
		{E01047E5-7C7A-46E6-9FA6-A0D416FC3A57}.Debug|Any CPU.ActiveCfg = Debug|Any CPU
		{E01047E5-7C7A-46E6-9FA6-A0D416FC3A57}.Debug|Any CPU.Build.0 = Debug|Any CPU
		{E01047E5-7C7A-46E6-9FA6-A0D416FC3A57}.Release|Any CPU.ActiveCfg = Release|Any CPU
		{E01047E5-7C7A-46E6-9FA6-A0D416FC3A57}.Release|Any CPU.Build.0 = Release|Any CPU
		{5E9C3123-A2EB-431D-965B-E4AFB498045B}.Debug|Any CPU.ActiveCfg = Debug|Any CPU
		{5E9C3123-A2EB-431D-965B-E4AFB498045B}.Debug|Any CPU.Build.0 = Debug|Any CPU
		{5E9C3123-A2EB-431D-965B-E4AFB498045B}.Release|Any CPU.ActiveCfg = Release|Any CPU
		{5E9C3123-A2EB-431D-965B-E4AFB498045B}.Release|Any CPU.Build.0 = Release|Any CPU
		{102E844F-02FB-493F-96D7-15F85E4E6182}.Debug|Any CPU.ActiveCfg = Debug|Any CPU
		{102E844F-02FB-493F-96D7-15F85E4E6182}.Debug|Any CPU.Build.0 = Debug|Any CPU
		{102E844F-02FB-493F-96D7-15F85E4E6182}.Release|Any CPU.ActiveCfg = Release|Any CPU
		{102E844F-02FB-493F-96D7-15F85E4E6182}.Release|Any CPU.Build.0 = Release|Any CPU
		{E66DC8CE-4CD7-412B-8C38-373A348B9CC3}.Debug|Any CPU.ActiveCfg = Debug|Any CPU
		{E66DC8CE-4CD7-412B-8C38-373A348B9CC3}.Debug|Any CPU.Build.0 = Debug|Any CPU
		{E66DC8CE-4CD7-412B-8C38-373A348B9CC3}.Release|Any CPU.ActiveCfg = Release|Any CPU
		{E66DC8CE-4CD7-412B-8C38-373A348B9CC3}.Release|Any CPU.Build.0 = Release|Any CPU
		{A2FED94A-9E55-4F76-9EA2-927418511BA5}.Debug|Any CPU.ActiveCfg = Debug|Any CPU
		{A2FED94A-9E55-4F76-9EA2-927418511BA5}.Debug|Any CPU.Build.0 = Debug|Any CPU
		{A2FED94A-9E55-4F76-9EA2-927418511BA5}.Release|Any CPU.ActiveCfg = Release|Any CPU
		{A2FED94A-9E55-4F76-9EA2-927418511BA5}.Release|Any CPU.Build.0 = Release|Any CPU
		{F8DF2BCC-09FF-47C4-A27A-82849A2E2DC8}.Debug|Any CPU.ActiveCfg = Debug|Any CPU
		{F8DF2BCC-09FF-47C4-A27A-82849A2E2DC8}.Debug|Any CPU.Build.0 = Debug|Any CPU
		{F8DF2BCC-09FF-47C4-A27A-82849A2E2DC8}.Release|Any CPU.ActiveCfg = Release|Any CPU
		{F8DF2BCC-09FF-47C4-A27A-82849A2E2DC8}.Release|Any CPU.Build.0 = Release|Any CPU
		{83F7A000-3518-4714-88D5-ABB7242D3851}.Debug|Any CPU.ActiveCfg = Debug|Any CPU
		{83F7A000-3518-4714-88D5-ABB7242D3851}.Debug|Any CPU.Build.0 = Debug|Any CPU
		{83F7A000-3518-4714-88D5-ABB7242D3851}.Release|Any CPU.ActiveCfg = Release|Any CPU
		{83F7A000-3518-4714-88D5-ABB7242D3851}.Release|Any CPU.Build.0 = Release|Any CPU
		{BB0AB08D-FCB3-48B5-9CC3-9301FC81715A}.Debug|Any CPU.ActiveCfg = Debug|Any CPU
		{BB0AB08D-FCB3-48B5-9CC3-9301FC81715A}.Debug|Any CPU.Build.0 = Debug|Any CPU
		{BB0AB08D-FCB3-48B5-9CC3-9301FC81715A}.Release|Any CPU.ActiveCfg = Release|Any CPU
		{BB0AB08D-FCB3-48B5-9CC3-9301FC81715A}.Release|Any CPU.Build.0 = Release|Any CPU
	EndGlobalSection
	GlobalSection(SolutionProperties) = preSolution
		HideSolutionNode = FALSE
	EndGlobalSection
	GlobalSection(ExtensibilityGlobals) = postSolution
		SolutionGuid = {6C3A32E0-8CE4-4777-81EF-B191A009F454}
	EndGlobalSection
EndGlobal
