
Microsoft Visual Studio Solution File, Format Version 12.00
# Visual Studio Version 16
VisualStudioVersion = 16.0.30717.126
MinimumVisualStudioVersion = 10.0.40219.1
Project("{FAE04EC0-301F-11D3-BF4B-00C04F79EFBC}") = "test", "test\test.csproj", "{E86CAC33-61A6-4968-B2CB-9D5105F6E3EA}"
EndProject
Global
	GlobalSection(SolutionConfigurationPlatforms) = preSolution
		Debug|Any CPU = Debug|Any CPU
		Release|Any CPU = Release|Any CPU
	EndGlobalSection
	GlobalSection(ProjectConfigurationPlatforms) = postSolution
		{E86CAC33-61A6-4968-B2CB-9D5105F6E3EA}.Debug|Any CPU.ActiveCfg = Debug|Any CPU
		{E86CAC33-61A6-4968-B2CB-9D5105F6E3EA}.Debug|Any CPU.Build.0 = Debug|Any CPU
		{E86CAC33-61A6-4968-B2CB-9D5105F6E3EA}.Release|Any CPU.ActiveCfg = Release|Any CPU
		{E86CAC33-61A6-4968-B2CB-9D5105F6E3EA}.Release|Any CPU.Build.0 = Release|Any CPU
	EndGlobalSection
	GlobalSection(SolutionProperties) = preSolution
		HideSolutionNode = FALSE
	EndGlobalSection
	GlobalSection(ExtensibilityGlobals) = postSolution
		SolutionGuid = {161CBB91-DCE9-46B7-AB28-8017280DB6BF}
	EndGlobalSection
EndGlobal
